{
  "name": "td-barcode-basic",
  "version": "1.0.0",
  "lockfileVersion": 1,
  "requires": true,
  "dependencies": {
    "bwip-js": {
      "version": "0.14.2",
      "resolved": "https://registry.npmjs.org/bwip-js/-/bwip-js-0.14.2.tgz",
      "integrity": "sha1-+P8hUurZ2eqkCiUPyRGCrogFxRI="
    },
    "td-angular-barcode": {
      "version": "2.0.3",
      "resolved": "https://registry.npmjs.org/td-angular-barcode/-/td-angular-barcode-2.0.3.tgz",
      "integrity": "sha1-L3a9b+U7dkXH8EuYAowo1lI82vc="
    }
  }
}
